
Microsoft Visual Studio Solution File, Format Version 12.00
# Visual Studio Version 17
VisualStudioVersion = 17.11.35431.28
MinimumVisualStudioVersion = 10.0.40219.1
Project("{FAE04EC0-301F-11D3-BF4B-00C04F79EFBC}") = "5353252", "5353252.csproj", "{3899E9F4-4E6D-455E-ACAE-45A4117BA46F}"
EndProject
Global
	GlobalSection(SolutionConfigurationPlatforms) = preSolution
		Debug|Any CPU = Debug|Any CPU
		Release|Any CPU = Release|Any CPU
	EndGlobalSection
	GlobalSection(ProjectConfigurationPlatforms) = postSolution
		{3899E9F4-4E6D-455E-ACAE-45A4117BA46F}.Debug|Any CPU.ActiveCfg = Debug|Any CPU
		{3899E9F4-4E6D-455E-ACAE-45A4117BA46F}.Debug|Any CPU.Build.0 = Debug|Any CPU
		{3899E9F4-4E6D-455E-ACAE-45A4117BA46F}.Release|Any CPU.ActiveCfg = Release|Any CPU
		{3899E9F4-4E6D-455E-ACAE-45A4117BA46F}.Release|Any CPU.Build.0 = Release|Any CPU
	EndGlobalSection
	GlobalSection(SolutionProperties) = preSolution
		HideSolutionNode = FALSE
	EndGlobalSection
	GlobalSection(ExtensibilityGlobals) = postSolution
		SolutionGuid = {2C07E0E1-0693-442C-942C-7133C5DF5BCA}
	EndGlobalSection
EndGlobal
